
Microsoft Visual Studio Solution File, Format Version 12.00
# Visual Studio Version 16
VisualStudioVersion = 16.0.30104.148
MinimumVisualStudioVersion = 10.0.40219.1
Project("{888888A0-9F3D-457C-B088-3A5042F75D52}") = "TodoList", "TodoList\TodoList.pyproj", "{0D9D9555-54D4-4A95-85F1-114879B5D701}"
EndProject
Global
	GlobalSection(SolutionConfigurationPlatforms) = preSolution
		Debug|Any CPU = Debug|Any CPU
		Release|Any CPU = Release|Any CPU
	EndGlobalSection
	GlobalSection(ProjectConfigurationPlatforms) = postSolution
		{0D9D9555-54D4-4A95-85F1-114879B5D701}.Debug|Any CPU.ActiveCfg = Debug|Any CPU
		{0D9D9555-54D4-4A95-85F1-114879B5D701}.Debug|Any CPU.Build.0 = Debug|Any CPU
		{0D9D9555-54D4-4A95-85F1-114879B5D701}.Release|Any CPU.ActiveCfg = Release|Any CPU
		{0D9D9555-54D4-4A95-85F1-114879B5D701}.Release|Any CPU.Build.0 = Release|Any CPU
	EndGlobalSection
	GlobalSection(SolutionProperties) = preSolution
		HideSolutionNode = FALSE
	EndGlobalSection
	GlobalSection(ExtensibilityGlobals) = postSolution
		SolutionGuid = {07AF8F99-6348-4550-B66E-F0A10DFB5061}
	EndGlobalSection
EndGlobal
